
Microsoft Visual Studio Solution File, Format Version 12.00
# Visual Studio Version 16
VisualStudioVersion = 16.0.29503.13
MinimumVisualStudioVersion = 10.0.40219.1
Project("{9A19103F-16F7-4668-BE54-9A1E7A4F7556}") = "EquipmentInventory", "EquipmentInventory\EquipmentInventory.csproj", "{99C6B4FC-EF06-4759-9241-0ED99A7F51CD}"
EndProject
Global
	GlobalSection(SolutionConfigurationPlatforms) = preSolution
		Debug|Any CPU = Debug|Any CPU
		Release|Any CPU = Release|Any CPU
	EndGlobalSection
	GlobalSection(ProjectConfigurationPlatforms) = postSolution
		{99C6B4FC-EF06-4759-9241-0ED99A7F51CD}.Debug|Any CPU.ActiveCfg = Debug|Any CPU
		{99C6B4FC-EF06-4759-9241-0ED99A7F51CD}.Debug|Any CPU.Build.0 = Debug|Any CPU
		{99C6B4FC-EF06-4759-9241-0ED99A7F51CD}.Release|Any CPU.ActiveCfg = Release|Any CPU
		{99C6B4FC-EF06-4759-9241-0ED99A7F51CD}.Release|Any CPU.Build.0 = Release|Any CPU
	EndGlobalSection
	GlobalSection(SolutionProperties) = preSolution
		HideSolutionNode = FALSE
	EndGlobalSection
	GlobalSection(ExtensibilityGlobals) = postSolution
		SolutionGuid = {A3FE01F9-2C65-483E-810A-7C0290B4F0B9}
	EndGlobalSection
EndGlobal
